
Microsoft Visual Studio Solution File, Format Version 12.00
# Visual Studio 14
VisualStudioVersion = 14.0.23107.0
MinimumVisualStudioVersion = 10.0.40219.1
Project("{FAE04EC0-301F-11D3-BF4B-00C04F79EFBC}") = "TimelyDepotMVC", "TimelyDepotMVC.csproj", "{CBC400CC-0B28-4E59-BC21-A2C168C33C5B}"
EndProject
Project("{FAE04EC0-301F-11D3-BF4B-00C04F79EFBC}") = "TimelyDepot_Test", "..\TimelyDepot_Test\TimelyDepot_Test.csproj", "{2F406C07-643F-45AD-9A77-AE2655BF4F4F}"
EndProject
Global
	GlobalSection(SolutionConfigurationPlatforms) = preSolution
		Debug|Any CPU = Debug|Any CPU
		Release|Any CPU = Release|Any CPU
	EndGlobalSection
	GlobalSection(ProjectConfigurationPlatforms) = postSolution
		{CBC400CC-0B28-4E59-BC21-A2C168C33C5B}.Debug|Any CPU.ActiveCfg = Debug|Any CPU
		{CBC400CC-0B28-4E59-BC21-A2C168C33C5B}.Debug|Any CPU.Build.0 = Debug|Any CPU
		{CBC400CC-0B28-4E59-BC21-A2C168C33C5B}.Release|Any CPU.ActiveCfg = Release|Any CPU
		{CBC400CC-0B28-4E59-BC21-A2C168C33C5B}.Release|Any CPU.Build.0 = Release|Any CPU
		{2F406C07-643F-45AD-9A77-AE2655BF4F4F}.Debug|Any CPU.ActiveCfg = Debug|Any CPU
		{2F406C07-643F-45AD-9A77-AE2655BF4F4F}.Debug|Any CPU.Build.0 = Debug|Any CPU
		{2F406C07-643F-45AD-9A77-AE2655BF4F4F}.Release|Any CPU.ActiveCfg = Release|Any CPU
		{2F406C07-643F-45AD-9A77-AE2655BF4F4F}.Release|Any CPU.Build.0 = Release|Any CPU
	EndGlobalSection
	GlobalSection(SolutionProperties) = preSolution
		HideSolutionNode = FALSE
	EndGlobalSection
EndGlobal
